
Microsoft Visual Studio Solution File, Format Version 12.00
# Visual Studio Version 16
VisualStudioVersion = 16.0.31729.503
MinimumVisualStudioVersion = 10.0.40219.1
Project("{FAE04EC0-301F-11D3-BF4B-00C04F79EFBC}") = "MCD_FormKontrolleriInceleme", "MCD_FormKontrolleriInceleme\MCD_FormKontrolleriInceleme.csproj", "{6F1753FB-B23A-4674-8F95-E08727B20C57}"
EndProject
Global
	GlobalSection(SolutionConfigurationPlatforms) = preSolution
		Debug|Any CPU = Debug|Any CPU
		Release|Any CPU = Release|Any CPU
	EndGlobalSection
	GlobalSection(ProjectConfigurationPlatforms) = postSolution
		{6F1753FB-B23A-4674-8F95-E08727B20C57}.Debug|Any CPU.ActiveCfg = Debug|Any CPU
		{6F1753FB-B23A-4674-8F95-E08727B20C57}.Debug|Any CPU.Build.0 = Debug|Any CPU
		{6F1753FB-B23A-4674-8F95-E08727B20C57}.Release|Any CPU.ActiveCfg = Release|Any CPU
		{6F1753FB-B23A-4674-8F95-E08727B20C57}.Release|Any CPU.Build.0 = Release|Any CPU
	EndGlobalSection
	GlobalSection(SolutionProperties) = preSolution
		HideSolutionNode = FALSE
	EndGlobalSection
	GlobalSection(ExtensibilityGlobals) = postSolution
		SolutionGuid = {D7E95B5B-5570-4455-A354-57017A57F774}
	EndGlobalSection
EndGlobal
